# THIS IS AN AUTOGENERATED FILE. DO NOT EDIT THIS FILE DIRECTLY.
# yarn lockfile v1


"@chakra-ui/icon@3.0.9":
  version "3.0.9"
  resolved "https://registry.yarnpkg.com/@chakra-ui/icon/-/icon-3.0.9.tgz#ba127d9eefd727f62e9bce07a23eca39ae506744"
  integrity sha512-P2Pwm/za6m1W1oqL2kGHH6XrrymsBjqYAFwOW2lB5Q6mI1e+RYe/iMxDoPSLHMYhqdfH7vyib/ffE3Vv3a5oTA==
  dependencies:
    "@chakra-ui/shared-utils" "2.0.1"

"@chakra-ui/icons@^2.0.9":
  version "2.0.9"
  resolved "https://registry.yarnpkg.com/@chakra-ui/icons/-/icons-2.0.9.tgz#35edcf9c61b8e158a5d03aeda6bd4e756960dfc7"
  integrity sha512-6xvV2rC8wATgfnRH+fC9mi0nLcgKjhHKO29lV1pGioVI0yWK0dqc//zjcyBhMMpW5ABnSfig7ujVBf3op/Syzg==
  dependencies:
    "@chakra-ui/icon" "3.0.9"

"@chakra-ui/shared-utils@2.0.1":
  version "2.0.1"
  resolved "https://registry.yarnpkg.com/@chakra-ui/shared-utils/-/shared-utils-2.0.1.tgz#41e314e42c96039e8ffb265e73145cf755813ab4"
  integrity sha512-NXDBl/u4wrSNp0ON5R3r3evkRurrAz2yuO7neooaG+O5HEenVouGqm4CsXd6lUAPmjwiGzA0LQFNCt0Hj92dXg==

"@socket.io/component-emitter@~3.1.0":
  version "3.1.0"
  resolved "https://registry.yarnpkg.com/@socket.io/component-emitter/-/component-emitter-3.1.0.tgz#96116f2a912e0c02817345b3c10751069920d553"
  integrity sha512-+9jVqKhRSpsc591z5vX+X5Yyw+he/HCB4iQ/RYxw35CEPaY1gnsNE43nf9n9AaYjAQrTiI/mOwKUKdUs9vf7Xg==

babel-runtime@^6.26.0:
  version "6.26.0"
  resolved "https://registry.yarnpkg.com/babel-runtime/-/babel-runtime-6.26.0.tgz#965c7058668e82b55d7bfe04ff2337bc8b5647fe"
  integrity sha512-ITKNuq2wKlW1fJg9sSW52eepoYgZBggvOAHC0u/CYu/qxQ9EVzThCgR69BnSXLHjy2f7SY5zaQ4yt7H9ZVxY2g==
  dependencies:
    core-js "^2.4.0"
    regenerator-runtime "^0.11.0"

core-js@3:
  version "3.25.0"
  resolved "https://registry.yarnpkg.com/core-js/-/core-js-3.25.0.tgz#be71d9e0dd648ffd70c44a7ec2319d039357eceb"
  integrity sha512-CVU1xvJEfJGhyCpBrzzzU1kjCfgsGUxhEvwUV2e/cOedYWHdmluamx+knDnmhqALddMG16fZvIqvs9aijsHHaA==

core-js@^2.4.0:
  version "2.6.12"
  resolved "https://registry.yarnpkg.com/core-js/-/core-js-2.6.12.tgz#d9333dfa7b065e347cc5682219d6f690859cc2ec"
  integrity sha512-Kb2wC0fvsWfQrgk8HU5lW6U/Lcs8+9aaYcy4ZFc6DDlo4nZ7n70dEgE5rtR0oG6ufKDUnrwfWL1mXR5ljDatrQ==

debug@~4.3.1, debug@~4.3.2:
  version "4.3.4"
  resolved "https://registry.yarnpkg.com/debug/-/debug-4.3.4.tgz#1319f6579357f2338d3337d2cdd4914bb5dcc865"
  integrity sha512-PRWFHuSU3eDtQJPvnNY7Jcket1j0t5OuOsFzPPzsekD52Zl8qUfFIPEiswXqIvHWGVHOgX+7G/vCNNhehwxfkQ==
  dependencies:
    ms "2.1.2"

engine.io-client@~6.2.1:
  version "6.2.2"
  resolved "https://registry.yarnpkg.com/engine.io-client/-/engine.io-client-6.2.2.tgz#c6c5243167f5943dcd9c4abee1bfc634aa2cbdd0"
  integrity sha512-8ZQmx0LQGRTYkHuogVZuGSpDqYZtCM/nv8zQ68VZ+JkOpazJ7ICdsSpaO6iXwvaU30oFg5QJOJWj8zWqhbKjkQ==
  dependencies:
    "@socket.io/component-emitter" "~3.1.0"
    debug "~4.3.1"
    engine.io-parser "~5.0.3"
    ws "~8.2.3"
    xmlhttprequest-ssl "~2.0.0"

engine.io-parser@~5.0.3:
  version "5.0.4"
  resolved "https://registry.yarnpkg.com/engine.io-parser/-/engine.io-parser-5.0.4.tgz#0b13f704fa9271b3ec4f33112410d8f3f41d0fc0"
  integrity sha512-+nVFp+5z1E3HcToEnO7ZIj3g+3k9389DvWtvJZz0T6/eOCPIyyxehFcedoYrZQrp0LgQbD9pPXhpMBKMd5QURg==

lottie-web@^5.1.3:
  version "5.9.6"
  resolved "https://registry.yarnpkg.com/lottie-web/-/lottie-web-5.9.6.tgz#62ae68563355d3e04aa75d53dec3dd4bea0e57c9"
  integrity sha512-JFs7KsHwflugH5qIXBpB4905yC1Sub2MZWtl/elvO/QC6qj1ApqbUZJyjzJseJUtVpgiDaXQLjBlIJGS7UUUXA==

ms@2.1.2:
  version "2.1.2"
  resolved "https://registry.yarnpkg.com/ms/-/ms-2.1.2.tgz#d09d1f357b443f493382a8eb3ccd183872ae6009"
  integrity sha512-sGkPx+VjMtmA6MX27oA4FBFELFCZZ4S4XqeGOXCv68tT+jb3vk/RyaKWP0PTKyWtmLSM0b+adUTEvbs1PEaH2w==

react-lottie@^1.2.3:
  version "1.2.3"
  resolved "https://registry.yarnpkg.com/react-lottie/-/react-lottie-1.2.3.tgz#8544b96939e088658072eea5e12d912cdaa3acc1"
  integrity sha512-qLCERxUr8M+4mm1LU0Ruxw5Y5Fn/OmYkGfnA+JDM/dZb3oKwVAJCjwnjkj9TMHtzR2U6sMEUD3ZZ1RaHagM7kA==
  dependencies:
    babel-runtime "^6.26.0"
    lottie-web "^5.1.3"

react-notification-badge@^1.5.1:
  version "1.5.1"
  resolved "https://registry.yarnpkg.com/react-notification-badge/-/react-notification-badge-1.5.1.tgz#20208cf8697cf448d177b4df753ef27ea30510df"
  integrity sha512-4/kFrQcJ7eMfYh9SdXXgBaaEDCIV7UsLX5bgSS1aj+OnX2OpIFTatY3Dclo8qLpkX+Ue6x0Aiib+U9dkDKrSwQ==
  dependencies:
    core-js "3"

react-scrollable-feed@^1.3.1:
  version "1.3.1"
  resolved "https://registry.yarnpkg.com/react-scrollable-feed/-/react-scrollable-feed-1.3.1.tgz#1944107d7fff356bc7f4c23cddfd31cce8e04151"
  integrity sha512-C+ED45W+wY5EKhBmS2h6D/Nt0fv1Qx0KrvhHwpKpqpooeb/PjyLZqyVSCdFDSTJ2d9baP1Qa7ZB7/SXFnYghMA==

regenerator-runtime@^0.11.0:
  version "0.11.1"
  resolved "https://registry.yarnpkg.com/regenerator-runtime/-/regenerator-runtime-0.11.1.tgz#be05ad7f9bf7d22e056f9726cee5017fbf19e2e9"
  integrity sha512-MguG95oij0fC3QV3URf4V2SDYGJhJnJGqvIIgdECeODCT98wSWDAJ94SSuVpYQUoTcGUIL6L4yNB7j1DFFHSBg==

socket.io-client@^4.5.2:
  version "4.5.2"
  resolved "https://registry.yarnpkg.com/socket.io-client/-/socket.io-client-4.5.2.tgz#9481518c560388c980c88b01e3cf62f367f04c96"
  integrity sha512-naqYfFu7CLDiQ1B7AlLhRXKX3gdeaIMfgigwavDzgJoIUYulc1qHH5+2XflTsXTPY7BlPH5rppJyUjhjrKQKLg==
  dependencies:
    "@socket.io/component-emitter" "~3.1.0"
    debug "~4.3.2"
    engine.io-client "~6.2.1"
    socket.io-parser "~4.2.0"

socket.io-parser@~4.2.0:
  version "4.2.1"
  resolved "https://registry.yarnpkg.com/socket.io-parser/-/socket.io-parser-4.2.1.tgz#01c96efa11ded938dcb21cbe590c26af5eff65e5"
  integrity sha512-V4GrkLy+HeF1F/en3SpUaM+7XxYXpuMUWLGde1kSSh5nQMN4hLrbPIkD+otwh6q9R6NOQBN4AMaOZ2zVjui82g==
  dependencies:
    "@socket.io/component-emitter" "~3.1.0"
    debug "~4.3.1"

ws@~8.2.3:
  version "8.2.3"
  resolved "https://registry.yarnpkg.com/ws/-/ws-8.2.3.tgz#63a56456db1b04367d0b721a0b80cae6d8becbba"
  integrity sha512-wBuoj1BDpC6ZQ1B7DWQBYVLphPWkm8i9Y0/3YdHjHKHiohOJ1ws+3OccDWtH+PoC9DZD5WOTrJvNbWvjS6JWaA==

xmlhttprequest-ssl@~2.0.0:
  version "2.0.0"
  resolved "https://registry.yarnpkg.com/xmlhttprequest-ssl/-/xmlhttprequest-ssl-2.0.0.tgz#91360c86b914e67f44dce769180027c0da618c67"
  integrity sha512-QKxVRxiRACQcVuQEYFsI1hhkrMlrXHPegbbd1yn9UHOmRxY+si12nQYzri3vbzt8VdTTRviqcKxcyllFas5z2A==
